
Microsoft Visual Studio Solution File, Format Version 12.00
# Visual Studio 15
VisualStudioVersion = 15.0.28307.168
MinimumVisualStudioVersion = 10.0.40219.1
Project("{9A19103F-16F7-4668-BE54-9A1E7A4F7556}") = "Lingua", "Lingua\Lingua.csproj", "{8F529A45-ACD5-431E-9347-4ABD8051FC36}"
EndProject
Project("{FAE04EC0-301F-11D3-BF4B-00C04F79EFBC}") = "Lingua.Demo", "Lingua.Demo\Lingua.Demo.csproj", "{3BBD8583-1D56-4563-96E0-85D03087D22C}"
EndProject
Global
	GlobalSection(SolutionConfigurationPlatforms) = preSolution
		Debug|Any CPU = Debug|Any CPU
		Release|Any CPU = Release|Any CPU
	EndGlobalSection
	GlobalSection(ProjectConfigurationPlatforms) = postSolution
		{8F529A45-ACD5-431E-9347-4ABD8051FC36}.Debug|Any CPU.ActiveCfg = Debug|Any CPU
		{8F529A45-ACD5-431E-9347-4ABD8051FC36}.Debug|Any CPU.Build.0 = Debug|Any CPU
		{8F529A45-ACD5-431E-9347-4ABD8051FC36}.Release|Any CPU.ActiveCfg = Release|Any CPU
		{8F529A45-ACD5-431E-9347-4ABD8051FC36}.Release|Any CPU.Build.0 = Release|Any CPU
		{3BBD8583-1D56-4563-96E0-85D03087D22C}.Debug|Any CPU.ActiveCfg = Debug|Any CPU
		{3BBD8583-1D56-4563-96E0-85D03087D22C}.Debug|Any CPU.Build.0 = Debug|Any CPU
		{3BBD8583-1D56-4563-96E0-85D03087D22C}.Release|Any CPU.ActiveCfg = Release|Any CPU
		{3BBD8583-1D56-4563-96E0-85D03087D22C}.Release|Any CPU.Build.0 = Release|Any CPU
	EndGlobalSection
	GlobalSection(SolutionProperties) = preSolution
		HideSolutionNode = FALSE
	EndGlobalSection
	GlobalSection(ExtensibilityGlobals) = postSolution
		SolutionGuid = {66AC90E5-7E8F-4487-9F9F-7F1BAEF9ED35}
	EndGlobalSection
EndGlobal
